{
  "name": "zed-text-tools-server",
  "version": "0.1.0",
  "lockfileVersion": 3,
  "requires": true,
  "packages": {
    "": {
      "name": "zed-text-tools-server",
      "version": "0.1.0",
      "hasInstallScript": true,
      "dependencies": {
        "@textlint/kernel": "15.8.0",
        "@textlint/module-interop": "15.8.0",
        "@textlint/textlint-plugin-text": "15.8.0",
        "jaconv": "1.1.2",
        "kuromoji": "0.1.2",
        "textlint-rule-preset-japanese": "10.0.4",
        "vscode-languageserver": "9.0.1",
        "vscode-languageserver-textdocument": "1.0.12"
      },
      "engines": {
        "node": ">=22"
      }
    },
    "node_modules/@kvs/env": {
      "version": "2.2.2",
      "resolved": "https://registry.npmjs.org/@kvs/env/-/env-2.2.2.tgz",
      "integrity": "sha512-tvy6eb1IHiQWqgSBjOxJp+gQ8wI/1bT5pWKU0VJL9d8SwAflOpN9777wQ3RY3jUtEUpcQOUtxrxcrMs9VYiNBw==",
      "license": "MIT",
      "dependencies": {
        "@kvs/indexeddb": "^2.2.2",
        "@kvs/node-localstorage": "^2.2.2",
        "@kvs/storage": "^2.2.2",
        "@kvs/types": "^2.2.2"
      }
    },
    "node_modules/@kvs/indexeddb": {
      "version": "2.2.2",
      "resolved": "https://registry.npmjs.org/@kvs/indexeddb/-/indexeddb-2.2.2.tgz",
      "integrity": "sha512-h9Fom6YvbRzMHhBLZKdNNJ/bgla0aBbmVBzUBLUoeEwT3C16Yx5eGA+spUQ69ZoRbsArZufX84qX/wRbyvjtrg==",
      "license": "MIT",
      "dependencies": {
        "@kvs/storage": "^2.2.2",
        "@kvs/types": "^2.2.2"
      }
    },
    "node_modules/@kvs/node-localstorage": {
      "version": "2.2.2",
      "resolved": "https://registry.npmjs.org/@kvs/node-localstorage/-/node-localstorage-2.2.2.tgz",
      "integrity": "sha512-e6r2CBWAQznaLEAmYSNNPGXUkSRP+yffSZNJYfgR4II8vjDFtGj1gByo2yk7pQsRiiId6IZ5dwDl1Tib3bNaqw==",
      "license": "MIT",
      "dependencies": {
        "@kvs/storage": "^2.2.2",
        "@kvs/types": "^2.2.2",
        "app-root-path": "^3.1.0",
        "node-localstorage": "^2.1.6"
      }
    },
    "node_modules/@kvs/storage": {
      "version": "2.2.2",
      "resolved": "https://registry.npmjs.org/@kvs/storage/-/storage-2.2.2.tgz",
      "integrity": "sha512-jThnhLTcT0w1SHzhr/PFTzzkKl+V3J6X07NyARceT02mIu5+tBWwtUhS68UNOaD7CTQ07rMFgb5UHoolies94g==",
      "license": "MIT",
      "dependencies": {
        "@kvs/types": "^2.2.2"
      }
    },
    "node_modules/@kvs/types": {
      "version": "2.2.2",
      "resolved": "https://registry.npmjs.org/@kvs/types/-/types-2.2.2.tgz",
      "integrity": "sha512-5lmBuah+wOdypBf0O9t6BoHrnq5hX5MlhEPTDPBNKN38ayQwVc5gYgJOBR3Dg4EF7OwL+1c7JNtWXQEJXXVXlg==",
      "license": "MIT"
    },
    "node_modules/@textlint-rule/textlint-rule-no-invalid-control-character": {
      "version": "3.0.0",
      "resolved": "https://registry.npmjs.org/@textlint-rule/textlint-rule-no-invalid-control-character/-/textlint-rule-no-invalid-control-character-3.0.0.tgz",
      "integrity": "sha512-2o9n4z49ntSPtJPlcJtxakyB4dAg2MKSvR9ZCZEHjye0ee27oWYzK6yHz2HjsXQqt9VeCwxNHDOIGIx2CQX0Dw==",
      "license": "MIT"
    },
    "node_modules/@textlint/ast-node-types": {
      "version": "15.8.0",
      "resolved": "https://registry.npmjs.org/@textlint/ast-node-types/-/ast-node-types-15.8.0.tgz",
      "integrity": "sha512-5CiH9COYmovWmExQgs7763DzX6Gy9zjkjJ7JxCC95wyTcjwQn/8poNF6fv3qzRlmx8CRRde8DHr9FcgAAiPzgw==",
      "license": "MIT"
    },
    "node_modules/@textlint/ast-tester": {
      "version": "15.8.0",
      "resolved": "https://registry.npmjs.org/@textlint/ast-tester/-/ast-tester-15.8.0.tgz",
      "integrity": "sha512-EoNPm/Xpv59BYQimlUcEsD8iHWVLMiyA/U66ATQCiZQTrvS93C67q3V630fhCJWeSuSR660BGadHGX1jv+IeTg==",
      "license": "MIT",
      "dependencies": {
        "@textlint/ast-node-types": "15.8.0",
        "debug": "^4.4.3"
      }
    },
    "node_modules/@textlint/ast-traverse": {
      "version": "15.8.0",
      "resolved": "https://registry.npmjs.org/@textlint/ast-traverse/-/ast-traverse-15.8.0.tgz",
      "integrity": "sha512-N/FhYDJLXUFOIlsRAuyx78ll2/O2SCU5mZBB1jWQhX71653YcrJvFf6r+EavnKlxNie0mcaTt0hrCnX2q0SdLg==",
      "license": "MIT",
      "dependencies": {
        "@textlint/ast-node-types": "15.8.0"
      }
    },
    "node_modules/@textlint/feature-flag": {
      "version": "15.8.0",
      "resolved": "https://registry.npmjs.org/@textlint/feature-flag/-/feature-flag-15.8.0.tgz",
      "integrity": "sha512-qvk6DV9lazH9EVHGLglvO9LwJbi22yy2LdZDQNH4EvlGk5+cNxbV1yZzuLdk+7elOuK2Lb9l5geMpZPa/j11XQ==",
      "license": "MIT"
    },
    "node_modules/@textlint/kernel": {
      "version": "15.8.0",
      "resolved": "https://registry.npmjs.org/@textlint/kernel/-/kernel-15.8.0.tgz",
      "integrity": "sha512-Wc2Z2Oq95v+IXj+G4j3cKpfQ1t2YRgubxHHj8i93Nu+R2F/GvszRC7pYBHYBH9HMmlJyTBq8jcjBOYG/b52CUQ==",
      "license": "MIT",
      "dependencies": {
        "@textlint/ast-node-types": "15.8.0",
        "@textlint/ast-tester": "15.8.0",
        "@textlint/ast-traverse": "15.8.0",
        "@textlint/feature-flag": "15.8.0",
        "@textlint/source-code-fixer": "15.8.0",
        "@textlint/types": "15.8.0",
        "@textlint/utils": "15.8.0",
        "debug": "^4.4.3",
        "fast-equals": "^4.0.3",
        "structured-source": "^4.0.0"
      }
    },
    "node_modules/@textlint/module-interop": {
      "version": "15.8.0",
      "resolved": "https://registry.npmjs.org/@textlint/module-interop/-/module-interop-15.8.0.tgz",
      "integrity": "sha512-rt+OR1WYGoLOY8HkA/aBPrqufF6yUUEsKEAh7XohTsT3lp9IyZFT6zOIbjul9P4FAzsmSPkcrYjVx3Bz/IUfkg==",
      "license": "MIT"
    },
    "node_modules/@textlint/regexp-string-matcher": {
      "version": "2.0.2",
      "resolved": "https://registry.npmjs.org/@textlint/regexp-string-matcher/-/regexp-string-matcher-2.0.2.tgz",
      "integrity": "sha512-OXLD9XRxMhd3S0LWuPHpiARQOI7z9tCOs0FsynccW2lmyZzHHFJ9/eR6kuK9xF459Qf+740qI5h+/0cx+NljzA==",
      "license": "MIT",
      "dependencies": {
        "escape-string-regexp": "^4.0.0",
        "lodash.sortby": "^4.7.0",
        "lodash.uniq": "^4.5.0",
        "lodash.uniqwith": "^4.5.0"
      }
    },
    "node_modules/@textlint/source-code-fixer": {
      "version": "15.8.0",
      "resolved": "https://registry.npmjs.org/@textlint/source-code-fixer/-/source-code-fixer-15.8.0.tgz",
      "integrity": "sha512-oWEBXLRzvv9bMu7/8NFMDM6GXil6iPXbNdiopQfxmrEVduc7mZ5gPoKr77gwrUO05jLS5ycfxE7kwPUu5sXP8Q==",
      "license": "MIT",
      "dependencies": {
        "@textlint/types": "15.8.0",
        "debug": "^4.4.3"
      }
    },
    "node_modules/@textlint/text-to-ast": {
      "version": "15.8.0",
      "resolved": "https://registry.npmjs.org/@textlint/text-to-ast/-/text-to-ast-15.8.0.tgz",
      "integrity": "sha512-Mmhy0tW9fOhekLNMouyy93WEQR9xVrbigKtgCA+jyoqrs5vqSC6x06f/KeZZSvDXQ6hy2gA25m36Swfcg35BPA==",
      "license": "MIT",
      "dependencies": {
        "@textlint/ast-node-types": "15.8.0"
      }
    },
    "node_modules/@textlint/textlint-plugin-text": {
      "version": "15.8.0",
      "resolved": "https://registry.npmjs.org/@textlint/textlint-plugin-text/-/textlint-plugin-text-15.8.0.tgz",
      "integrity": "sha512-oz+tip3nSEkzPv5h4WVtXngLorBtJe97Sc1o3EddbcpIvI57jj5cCM7tNMQVGpgpQnGYplfzJt4M1EyFPopfCw==",
      "license": "MIT",
      "dependencies": {
        "@textlint/text-to-ast": "15.8.0",
        "@textlint/types": "15.8.0"
      }
    },
    "node_modules/@textlint/types": {
      "version": "15.8.0",
      "resolved": "https://registry.npmjs.org/@textlint/types/-/types-15.8.0.tgz",
      "integrity": "sha512-Anhc6y5736YIsvqae0U6k0YmB2M/QVHkEeOv2aydAn/WIkdI69dCOiDbe3/+RagS3qstFTSFWJzNRA2lUjv19w==",
      "license": "MIT",
      "dependencies": {
        "@textlint/ast-node-types": "15.8.0"
      }
    },
    "node_modules/@textlint/utils": {
      "version": "15.8.0",
      "resolved": "https://registry.npmjs.org/@textlint/utils/-/utils-15.8.0.tgz",
      "integrity": "sha512-waINJCI7sBVs1A3K05UFKe8QoNAsdJFCXr3PJ1QsgAf0BeEgCtyrLVcZUdbOtKxRkF4QB4NuClB0By1Ty4znpQ==",
      "license": "MIT"
    },
    "node_modules/@types/unist": {
      "version": "2.0.11",
      "resolved": "https://registry.npmjs.org/@types/unist/-/unist-2.0.11.tgz",
      "integrity": "sha512-CmBKiL6NNo/OqgmMn95Fk9Whlp2mtvIv+KNpQKN2F4SjvrEesubTRWGYSg+BnWZOnlCaSTU1sMpsBOzgbYhnsA==",
      "license": "MIT"
    },
    "node_modules/analyze-desumasu-dearu": {
      "version": "5.0.2",
      "resolved": "https://registry.npmjs.org/analyze-desumasu-dearu/-/analyze-desumasu-dearu-5.0.2.tgz",
      "integrity": "sha512-3PUxFk790GpQkME//hwiJellbtKMiAFX/CyA93etmAo5FujJ+5GKVXW+NU9v2MfF07iWcXsrNMbGW5/vVpqWwA==",
      "license": "MIT",
      "dependencies": {
        "kuromojin": "^3.0.0"
      }
    },
    "node_modules/app-root-path": {
      "version": "3.1.0",
      "resolved": "https://registry.npmjs.org/app-root-path/-/app-root-path-3.1.0.tgz",
      "integrity": "sha512-biN3PwB2gUtjaYy/isrU3aNWI5w+fAfvHkSvCKeQGxhmYpwKFUxudR3Yya+KqVRHBmEDYh+/lTozYCFbmzX4nA==",
      "license": "MIT",
      "engines": {
        "node": ">= 6.0.0"
      }
    },
    "node_modules/async": {
      "version": "2.6.4",
      "resolved": "https://registry.npmjs.org/async/-/async-2.6.4.tgz",
      "integrity": "sha512-mzo5dfJYwAn29PeiJ0zvwTo04zj8HDJj0Mn8TD7sno7q12prdbnasKJHhkm2c1LgrhlJ0teaea8860oxi51mGA==",
      "license": "MIT",
      "dependencies": {
        "lodash": "^4.17.14"
      }
    },
    "node_modules/bail": {
      "version": "1.0.5",
      "resolved": "https://registry.npmjs.org/bail/-/bail-1.0.5.tgz",
      "integrity": "sha512-xFbRxM1tahm08yHBP16MMjVUAvDaBMD38zsM9EMAUN61omwLmKlOpB/Zku5QkjZ8TZ4vn53pj+t518cH0S03RQ==",
      "license": "MIT",
      "funding": {
        "type": "github",
        "url": "https://github.com/sponsors/wooorm"
      }
    },
    "node_modules/boundary": {
      "version": "2.0.0",
      "resolved": "https://registry.npmjs.org/boundary/-/boundary-2.0.0.tgz",
      "integrity": "sha512-rJKn5ooC9u8q13IMCrW0RSp31pxBCHE3y9V/tp3TdWSLf8Em3p6Di4NBpfzbJge9YjjFEsD0RtFEjtvHL5VyEA==",
      "license": "BSD-2-Clause"
    },
    "node_modules/call-bind": {
      "version": "1.0.9",
      "resolved": "https://registry.npmjs.org/call-bind/-/call-bind-1.0.9.tgz",
      "integrity": "sha512-a/hy+pNsFUTR+Iz8TCJvXudKVLAnz/DyeSUo10I5yvFDQJBFU2s9uqQpoSrJlroHUKoKqzg+epxyP9lqFdzfBQ==",
      "license": "MIT",
      "dependencies": {
        "call-bind-apply-helpers": "^1.0.2",
        "es-define-property": "^1.0.1",
        "get-intrinsic": "^1.3.0",
        "set-function-length": "^1.2.2"
      },
      "engines": {
        "node": ">= 0.4"
      },
      "funding": {
        "url": "https://github.com/sponsors/ljharb"
      }
    },
    "node_modules/call-bind-apply-helpers": {
      "version": "1.0.2",
      "resolved": "https://registry.npmjs.org/call-bind-apply-helpers/-/call-bind-apply-helpers-1.0.2.tgz",
      "integrity": "sha512-Sp1ablJ0ivDkSzjcaJdxEunN5/XvksFJ2sMBFfq6x0ryhQV/2b/KwFe21cMpmHtPOSij8K99/wSfoEuTObmuMQ==",
      "license": "MIT",
      "dependencies": {
        "es-errors": "^1.3.0",
        "function-bind": "^1.1.2"
      },
      "engines": {
        "node": ">= 0.4"
      }
    },
    "node_modules/ccount": {
      "version": "1.1.0",
      "resolved": "https://registry.npmjs.org/ccount/-/ccount-1.1.0.tgz",
      "integrity": "sha512-vlNK021QdI7PNeiUh/lKkC/mNHHfV0m/Ad5JoI0TYtlBnJAslM/JIkm/tGC88bkLIwO6OQ5uV6ztS6kVAtCDlg==",
      "license": "MIT",
      "funding": {
        "type": "github",
        "url": "https://github.com/sponsors/wooorm"
      }
    },
    "node_modules/comma-separated-tokens": {
      "version": "1.0.8",
      "resolved": "https://registry.npmjs.org/comma-separated-tokens/-/comma-separated-tokens-1.0.8.tgz",
      "integrity": "sha512-GHuDRO12Sypu2cV70d1dkA2EUmXHgntrzbpvOB+Qy+49ypNfGgFQIC2fhhXbnyrJRynDCAARsT7Ou0M6hirpfw==",
      "license": "MIT",
      "funding": {
        "type": "github",
        "url": "https://github.com/sponsors/wooorm"
      }
    },
    "node_modules/debug": {
      "version": "4.4.3",
      "resolved": "https://registry.npmjs.org/debug/-/debug-4.4.3.tgz",
      "integrity": "sha512-RGwwWnwQvkVfavKVt22FGLw+xYSdzARwm0ru6DhTVA3umU5hZc28V3kO4stgYryrTlLpuvgI9GiijltAjNbcqA==",
      "license": "MIT",
      "dependencies": {
        "ms": "^2.1.3"
      },
      "engines": {
        "node": ">=6.0"
      },
      "peerDependenciesMeta": {
        "supports-color": {
          "optional": true
        }
      }
    },
    "node_modules/define-data-property": {
      "version": "1.1.4",
      "resolved": "https://registry.npmjs.org/define-data-property/-/define-data-property-1.1.4.tgz",
      "integrity": "sha512-rBMvIzlpA8v6E+SJZoo++HAYqsLrkg7MSfIinMPFhmkorw7X+dOXVJQs+QT69zGkzMyfDnIMN2Wid1+NbL3T+A==",
      "license": "MIT",
      "dependencies": {
        "es-define-property": "^1.0.0",
        "es-errors": "^1.3.0",
        "gopd": "^1.0.1"
      },
      "engines": {
        "node": ">= 0.4"
      },
      "funding": {
        "url": "https://github.com/sponsors/ljharb"
      }
    },
    "node_modules/define-properties": {
      "version": "1.2.1",
      "resolved": "https://registry.npmjs.org/define-properties/-/define-properties-1.2.1.tgz",
      "integrity": "sha512-8QmQKqEASLd5nx0U1B1okLElbUuuttJ/AnYmRXbbbGDWh6uS208EjD4Xqq/I9wK7u0v6O08XhTWnt5XtEbR6Dg==",
      "license": "MIT",
      "dependencies": {
        "define-data-property": "^1.0.1",
        "has-property-descriptors": "^1.0.0",
        "object-keys": "^1.1.1"
      },
      "engines": {
        "node": ">= 0.4"
      },
      "funding": {
        "url": "https://github.com/sponsors/ljharb"
      }
    },
    "node_modules/doublearray": {
      "version": "0.0.2",
      "resolved": "https://registry.npmjs.org/doublearray/-/doublearray-0.0.2.tgz",
      "integrity": "sha512-aw55FtZzT6AmiamEj2kvmR6BuFqvYgKZUkfQ7teqVRNqD5UE0rw8IeW/3gieHNKQ5sPuDKlljWEn4bzv5+1bHw==",
      "license": "MIT"
    },
    "node_modules/dunder-proto": {
      "version": "1.0.1",
      "resolved": "https://registry.npmjs.org/dunder-proto/-/dunder-proto-1.0.1.tgz",
      "integrity": "sha512-KIN/nDJBQRcXw0MLVhZE9iQHmG68qAVIBg9CqmUYjmQIhgij9U5MFvrqkUL5FbtyyzZuOeOt0zdeRe4UY7ct+A==",
      "license": "MIT",
      "dependencies": {
        "call-bind-apply-helpers": "^1.0.1",
        "es-errors": "^1.3.0",
        "gopd": "^1.2.0"
      },
      "engines": {
        "node": ">= 0.4"
      }
    },
    "node_modules/es-define-property": {
      "version": "1.0.1",
      "resolved": "https://registry.npmjs.org/es-define-property/-/es-define-property-1.0.1.tgz",
      "integrity": "sha512-e3nRfgfUZ4rNGL232gUgX06QNyyez04KdjFrF+LTRoOXmrOgFKDg4BCdsjW8EnT69eqdYGmRpJwiPVYNrCaW3g==",
      "license": "MIT",
      "engines": {
        "node": ">= 0.4"
      }
    },
    "node_modules/es-errors": {
      "version": "1.3.0",
      "resolved": "https://registry.npmjs.org/es-errors/-/es-errors-1.3.0.tgz",
      "integrity": "sha512-Zf5H2Kxt2xjTvbJvP2ZWLEICxA6j+hAmMzIlypy4xcBg1vKVnx89Wy0GbS+kf5cwCVFFzdCFh2XSCFNULS6csw==",
      "license": "MIT",
      "engines": {
        "node": ">= 0.4"
      }
    },
    "node_modules/es-object-atoms": {
      "version": "1.1.2",
      "resolved": "https://registry.npmjs.org/es-object-atoms/-/es-object-atoms-1.1.2.tgz",
      "integrity": "sha512-HWcBoN6NileqtSydK2FqHbS/LoDd2pqrnQHLyJzBj4kOp/ky2MWMN694xOfkK8/SnUsW2DH7EfyVlydKCsm1Zw==",
      "license": "MIT",
      "dependencies": {
        "es-errors": "^1.3.0"
      },
      "engines": {
        "node": ">= 0.4"
      }
    },
    "node_modules/escape-string-regexp": {
      "version": "4.0.0",
      "resolved": "https://registry.npmjs.org/escape-string-regexp/-/escape-string-regexp-4.0.0.tgz",
      "integrity": "sha512-TtpcNJ3XAzx3Gq8sWRzJaVajRs0uVxA2YAkdb1jm2YkPz4G6egUFAyA3n5vtEIZefPk5Wa4UXbKuS5fKkJWdgA==",
      "license": "MIT",
      "engines": {
        "node": ">=10"
      },
      "funding": {
        "url": "https://github.com/sponsors/sindresorhus"
      }
    },
    "node_modules/extend": {
      "version": "3.0.2",
      "resolved": "https://registry.npmjs.org/extend/-/extend-3.0.2.tgz",
      "integrity": "sha512-fjquC59cD7CyW6urNXK0FBufkZcoiGG80wTuPujX590cB5Ttln20E2UB4S/WARVqhXffZl2LNgS+gQdPIIim/g==",
      "license": "MIT"
    },
    "node_modules/fast-equals": {
      "version": "4.0.3",
      "resolved": "https://registry.npmjs.org/fast-equals/-/fast-equals-4.0.3.tgz",
      "integrity": "sha512-G3BSX9cfKttjr+2o1O22tYMLq0DPluZnYtq1rXumE1SpL/F/SLIfHx08WYQoWSIpeMYf8sRbJ8++71+v6Pnxfg==",
      "license": "MIT"
    },
    "node_modules/function-bind": {
      "version": "1.1.2",
      "resolved": "https://registry.npmjs.org/function-bind/-/function-bind-1.1.2.tgz",
      "integrity": "sha512-7XHNxH7qX9xG5mIwxkhumTox/MIRNcOgDrxWsMt2pAr23WHp6MrRlN7FBSFpCpr+oVO0F744iUgR82nJMfG2SA==",
      "license": "MIT",
      "funding": {
        "url": "https://github.com/sponsors/ljharb"
      }
    },
    "node_modules/functions-have-names": {
      "version": "1.2.3",
      "resolved": "https://registry.npmjs.org/functions-have-names/-/functions-have-names-1.2.3.tgz",
      "integrity": "sha512-xckBUXyTIqT97tq2x2AMb+g163b5JFysYk0x4qxNFwbfQkmNZoiRHb6sPzI9/QV33WeuvVYBUIiD4NzNIyqaRQ==",
      "license": "MIT",
      "funding": {
        "url": "https://github.com/sponsors/ljharb"
      }
    },
    "node_modules/get-intrinsic": {
      "version": "1.3.0",
      "resolved": "https://registry.npmjs.org/get-intrinsic/-/get-intrinsic-1.3.0.tgz",
      "integrity": "sha512-9fSjSaos/fRIVIp+xSJlE6lfwhES7LNtKaCBIamHsjr2na1BiABJPo0mOjjz8GJDURarmCPGqaiVg5mfjb98CQ==",
      "license": "MIT",
      "dependencies": {
        "call-bind-apply-helpers": "^1.0.2",
        "es-define-property": "^1.0.1",
        "es-errors": "^1.3.0",
        "es-object-atoms": "^1.1.1",
        "function-bind": "^1.1.2",
        "get-proto": "^1.0.1",
        "gopd": "^1.2.0",
        "has-symbols": "^1.1.0",
        "hasown": "^2.0.2",
        "math-intrinsics": "^1.1.0"
      },
      "engines": {
        "node": ">= 0.4"
      },
      "funding": {
        "url": "https://github.com/sponsors/ljharb"
      }
    },
    "node_modules/get-proto": {
      "version": "1.0.1",
      "resolved": "https://registry.npmjs.org/get-proto/-/get-proto-1.0.1.tgz",
      "integrity": "sha512-sTSfBjoXBp89JvIKIefqw7U2CCebsc74kiY6awiGogKtoSGbgjYE/G/+l9sF3MWFPNc9IcoOC4ODfKHfxFmp0g==",
      "license": "MIT",
      "dependencies": {
        "dunder-proto": "^1.0.1",
        "es-object-atoms": "^1.0.0"
      },
      "engines": {
        "node": ">= 0.4"
      }
    },
    "node_modules/gopd": {
      "version": "1.2.0",
      "resolved": "https://registry.npmjs.org/gopd/-/gopd-1.2.0.tgz",
      "integrity": "sha512-ZUKRh6/kUFoAiTAtTYPZJ3hw9wNxx+BIBOijnlG9PnrJsCcSjs1wyyD6vJpaYtgnzDrKYRSqf3OO6Rfa93xsRg==",
      "license": "MIT",
      "engines": {
        "node": ">= 0.4"
      },
      "funding": {
        "url": "https://github.com/sponsors/ljharb"
      }
    },
    "node_modules/graceful-fs": {
      "version": "4.2.11",
      "resolved": "https://registry.npmjs.org/graceful-fs/-/graceful-fs-4.2.11.tgz",
      "integrity": "sha512-RbJ5/jmFcNNCcDV5o9eTnBLJ/HszWV0P73bc+Ff4nS/rJj+YaS6IGyiOL0VoBYX+l1Wrl3k63h/KrH+nhJ0XvQ==",
      "license": "ISC"
    },
    "node_modules/has-property-descriptors": {
      "version": "1.0.2",
      "resolved": "https://registry.npmjs.org/has-property-descriptors/-/has-property-descriptors-1.0.2.tgz",
      "integrity": "sha512-55JNKuIW+vq4Ke1BjOTjM2YctQIvCT7GFzHwmfZPGo5wnrgkid0YQtnAleFSqumZm4az3n2BS+erby5ipJdgrg==",
      "license": "MIT",
      "dependencies": {
        "es-define-property": "^1.0.0"
      },
      "funding": {
        "url": "https://github.com/sponsors/ljharb"
      }
    },
    "node_modules/has-symbols": {
      "version": "1.1.0",
      "resolved": "https://registry.npmjs.org/has-symbols/-/has-symbols-1.1.0.tgz",
      "integrity": "sha512-1cDNdwJ2Jaohmb3sg4OmKaMBwuC48sYni5HUw2DvsC8LjGTLK9h+eb1X6RyuOHe4hT0ULCW68iomhjUoKUqlPQ==",
      "license": "MIT",
      "engines": {
        "node": ">= 0.4"
      },
      "funding": {
        "url": "https://github.com/sponsors/ljharb"
      }
    },
    "node_modules/hasown": {
      "version": "2.0.4",
      "resolved": "https://registry.npmjs.org/hasown/-/hasown-2.0.4.tgz",
      "integrity": "sha512-T2UbfbBEF32wiepXIsMlTW9+dDYC6wMh/t/vYA4tuOMKqWz/n3vr1NFSxQiyP+zk2mXsoMA/i/7qV6LKut1t1A==",
      "license": "MIT",
      "dependencies": {
        "function-bind": "^1.1.2"
      },
      "engines": {
        "node": ">= 0.4"
      }
    },
    "node_modules/hast-util-from-parse5": {
      "version": "5.0.3",
      "resolved": "https://registry.npmjs.org/hast-util-from-parse5/-/hast-util-from-parse5-5.0.3.tgz",
      "integrity": "sha512-gOc8UB99F6eWVWFtM9jUikjN7QkWxB3nY0df5Z0Zq1/Nkwl5V4hAAsl0tmwlgWl/1shlTF8DnNYLO8X6wRV9pA==",
      "license": "MIT",
      "dependencies": {
        "ccount": "^1.0.3",
        "hastscript": "^5.0.0",
        "property-information": "^5.0.0",
        "web-namespaces": "^1.1.2",
        "xtend": "^4.0.1"
      },
      "funding": {
        "type": "opencollective",
        "url": "https://opencollective.com/unified"
      }
    },
    "node_modules/hast-util-parse-selector": {
      "version": "2.2.5",
      "resolved": "https://registry.npmjs.org/hast-util-parse-selector/-/hast-util-parse-selector-2.2.5.tgz",
      "integrity": "sha512-7j6mrk/qqkSehsM92wQjdIgWM2/BW61u/53G6xmC8i1OmEdKLHbk419QKQUjz6LglWsfqoiHmyMRkP1BGjecNQ==",
      "license": "MIT",
      "funding": {
        "type": "opencollective",
        "url": "https://opencollective.com/unified"
      }
    },
    "node_modules/hastscript": {
      "version": "5.1.2",
      "resolved": "https://registry.npmjs.org/hastscript/-/hastscript-5.1.2.tgz",
      "integrity": "sha512-WlztFuK+Lrvi3EggsqOkQ52rKbxkXL3RwB6t5lwoa8QLMemoWfBuL43eDrwOamJyR7uKQKdmKYaBH1NZBiIRrQ==",
      "license": "MIT",
      "dependencies": {
        "comma-separated-tokens": "^1.0.0",
        "hast-util-parse-selector": "^2.0.0",
        "property-information": "^5.0.0",
        "space-separated-tokens": "^1.0.0"
      },
      "funding": {
        "type": "opencollective",
        "url": "https://opencollective.com/unified"
      }
    },
    "node_modules/imurmurhash": {
      "version": "0.1.4",
      "resolved": "https://registry.npmjs.org/imurmurhash/-/imurmurhash-0.1.4.tgz",
      "integrity": "sha512-JmXMZ6wuvDmLiHEml9ykzqO6lwFbof0GG4IkcGaENdCRDDmMVnny7s5HsIgHCbaq0w2MyPhDqkhTUgS2LU2PHA==",
      "license": "MIT",
      "engines": {
        "node": ">=0.8.19"
      }
    },
    "node_modules/is-plain-obj": {
      "version": "2.1.0",
      "resolved": "https://registry.npmjs.org/is-plain-obj/-/is-plain-obj-2.1.0.tgz",
      "integrity": "sha512-YWnfyRwxL/+SsrWYfOpUtz5b3YD+nyfkHvjbcanzk8zgyO4ASD67uVMRt8k5bM4lLMDnXfriRhOpemw+NfT1eA==",
      "license": "MIT",
      "engines": {
        "node": ">=8"
      }
    },
    "node_modules/jaconv": {
      "version": "1.1.2",
      "resolved": "https://registry.npmjs.org/jaconv/-/jaconv-1.1.2.tgz",
      "integrity": "sha512-5UlGUdJJROEMw0ffOHXYQkhFO7zTT+Q6e3RJA3vEGQM5AHM0Ifn8IIohcUS4KwFNNLkFiiVS1rjxSZYmfOk4lA==",
      "license": "MIT"
    },
    "node_modules/kuromoji": {
      "version": "0.1.2",
      "resolved": "https://registry.npmjs.org/kuromoji/-/kuromoji-0.1.2.tgz",
      "integrity": "sha512-V0dUf+C2LpcPEXhoHLMAop/bOht16Dyr+mDiIE39yX3vqau7p80De/koFqpiTcL1zzdZlc3xuHZ8u5gjYRfFaQ==",
      "license": "Apache-2.0",
      "dependencies": {
        "async": "^2.0.1",
        "doublearray": "0.0.2",
        "zlibjs": "^0.3.1"
      }
    },
    "node_modules/kuromojin": {
      "version": "3.0.1",
      "resolved": "https://registry.npmjs.org/kuromojin/-/kuromojin-3.0.1.tgz",
      "integrity": "sha512-E4rLmbTid8ZGH8Fw421UXvfgCe0IXGFKhUw/IosBVW6ootxVGKGbtb0UPQAvPswgsXX/8UuPiE+amz1NN11Uzg==",
      "license": "MIT",
      "dependencies": {
        "@kvs/env": "^2.1.3",
        "kuromoji": "0.1.2",
        "lru_map": "^0.4.1"
      }
    },
    "node_modules/lodash": {
      "version": "4.18.1",
      "resolved": "https://registry.npmjs.org/lodash/-/lodash-4.18.1.tgz",
      "integrity": "sha512-dMInicTPVE8d1e5otfwmmjlxkZoUpiVLwyeTdUsi/Caj/gfzzblBcCE5sRHV/AsjuCmxWrte2TNGSYuCeCq+0Q==",
      "license": "MIT"
    },
    "node_modules/lodash.sortby": {
      "version": "4.7.0",
      "resolved": "https://registry.npmjs.org/lodash.sortby/-/lodash.sortby-4.7.0.tgz",
      "integrity": "sha512-HDWXG8isMntAyRF5vZ7xKuEvOhT4AhlRt/3czTSjvGUxjYCBVRQY48ViDHyfYz9VIoBkW4TMGQNapx+l3RUwdA==",
      "license": "MIT"
    },
    "node_modules/lodash.uniq": {
      "version": "4.5.0",
      "resolved": "https://registry.npmjs.org/lodash.uniq/-/lodash.uniq-4.5.0.tgz",
      "integrity": "sha512-xfBaXQd9ryd9dlSDvnvI0lvxfLJlYAZzXomUYzLKtUeOQvOP5piqAWuGtrhWeqaXK9hhoM/iyJc5AV+XfsX3HQ==",
      "license": "MIT"
    },
    "node_modules/lodash.uniqwith": {
      "version": "4.5.0",
      "resolved": "https://registry.npmjs.org/lodash.uniqwith/-/lodash.uniqwith-4.5.0.tgz",
      "integrity": "sha512-7lYL8bLopMoy4CTICbxygAUq6CdRJ36vFc80DucPueUee+d5NBRxz3FdT9Pes/HEx5mPoT9jwnsEJWz1N7uq7Q==",
      "license": "MIT"
    },
    "node_modules/lru_map": {
      "version": "0.4.1",
      "resolved": "https://registry.npmjs.org/lru_map/-/lru_map-0.4.1.tgz",
      "integrity": "sha512-I+lBvqMMFfqaV8CJCISjI3wbjmwVu/VyOoU7+qtu9d7ioW5klMgsTTiUOUp+DJvfTTzKXoPbyC6YfgkNcyPSOg==",
      "license": "MIT"
    },
    "node_modules/match-index": {
      "version": "1.0.3",
      "resolved": "https://registry.npmjs.org/match-index/-/match-index-1.0.3.tgz",
      "integrity": "sha512-1XjyBWqCvEFFUDW/MPv0RwbITRD4xQXOvKoPYtLDq8IdZTfdF/cQSo5Yn4qvhfSSZgjgkTFsqJD2wOUG4ovV8Q==",
      "license": "MIT",
      "dependencies": {
        "regexp.prototype.flags": "^1.1.1"
      }
    },
    "node_modules/math-intrinsics": {
      "version": "1.1.0",
      "resolved": "https://registry.npmjs.org/math-intrinsics/-/math-intrinsics-1.1.0.tgz",
      "integrity": "sha512-/IXtbwEk5HTPyEwyKX6hGkYXxM9nbj64B+ilVJnC/R6B0pH5G4V3b0pVbL7DBj4tkhBAppbQUlf6F6Xl9LHu1g==",
      "license": "MIT",
      "engines": {
        "node": ">= 0.4"
      }
    },
    "node_modules/ms": {
      "version": "2.1.3",
      "resolved": "https://registry.npmjs.org/ms/-/ms-2.1.3.tgz",
      "integrity": "sha512-6FlzubTLZG3J2a/NVCAleEhjzq5oxgHyaCU9yYXvcLsvoVaHJq/s5xXI6/XXP6tz7R9xAOtHnSO/tXtF3WRTlA==",
      "license": "MIT"
    },
    "node_modules/node-localstorage": {
      "version": "2.2.1",
      "resolved": "https://registry.npmjs.org/node-localstorage/-/node-localstorage-2.2.1.tgz",
      "integrity": "sha512-vv8fJuOUCCvSPjDjBLlMqYMHob4aGjkmrkaE42/mZr0VT+ZAU10jRF8oTnX9+pgU9/vYJ8P7YT3Vd6ajkmzSCw==",
      "license": "MIT",
      "dependencies": {
        "write-file-atomic": "^1.1.4"
      },
      "engines": {
        "node": ">=0.12"
      }
    },
    "node_modules/object-keys": {
      "version": "1.1.1",
      "resolved": "https://registry.npmjs.org/object-keys/-/object-keys-1.1.1.tgz",
      "integrity": "sha512-NuAESUOUMrlIXOfHKzD6bpPu3tYt3xvjNdRIQ+FeT0lNb4K8WR70CaDxhuNguS2XG+GjkyMwOzsN5ZktImfhLA==",
      "license": "MIT",
      "engines": {
        "node": ">= 0.4"
      }
    },
    "node_modules/parse5": {
      "version": "5.1.1",
      "resolved": "https://registry.npmjs.org/parse5/-/parse5-5.1.1.tgz",
      "integrity": "sha512-ugq4DFI0Ptb+WWjAdOK16+u/nHfiIrcE+sh8kZMaM0WllQKLI9rOUq6c2b7cwPkXdzfQESqvoqK6ug7U/Yyzug==",
      "license": "MIT"
    },
    "node_modules/property-information": {
      "version": "5.6.0",
      "resolved": "https://registry.npmjs.org/property-information/-/property-information-5.6.0.tgz",
      "integrity": "sha512-YUHSPk+A30YPv+0Qf8i9Mbfe/C0hdPXk1s1jPVToV8pk8BQtpw10ct89Eo7OWkutrwqvT0eicAxlOg3dOAu8JA==",
      "license": "MIT",
      "dependencies": {
        "xtend": "^4.0.0"
      },
      "funding": {
        "type": "github",
        "url": "https://github.com/sponsors/wooorm"
      }
    },
    "node_modules/regexp.prototype.flags": {
      "version": "1.5.4",
      "resolved": "https://registry.npmjs.org/regexp.prototype.flags/-/regexp.prototype.flags-1.5.4.tgz",
      "integrity": "sha512-dYqgNSZbDwkaJ2ceRd9ojCGjBq+mOm9LmtXnAnEGyHhN/5R7iDW2TRw3h+o/jCFxus3P2LfWIIiwowAjANm7IA==",
      "license": "MIT",
      "dependencies": {
        "call-bind": "^1.0.8",
        "define-properties": "^1.2.1",
        "es-errors": "^1.3.0",
        "get-proto": "^1.0.1",
        "gopd": "^1.2.0",
        "set-function-name": "^2.0.2"
      },
      "engines": {
        "node": ">= 0.4"
      },
      "funding": {
        "url": "https://github.com/sponsors/ljharb"
      }
    },
    "node_modules/rehype-parse": {
      "version": "6.0.2",
      "resolved": "https://registry.npmjs.org/rehype-parse/-/rehype-parse-6.0.2.tgz",
      "integrity": "sha512-0S3CpvpTAgGmnz8kiCyFLGuW5yA4OQhyNTm/nwPopZ7+PI11WnGl1TTWTGv/2hPEe/g2jRLlhVVSsoDH8waRug==",
      "license": "MIT",
      "dependencies": {
        "hast-util-from-parse5": "^5.0.0",
        "parse5": "^5.0.0",
        "xtend": "^4.0.0"
      },
      "funding": {
        "type": "opencollective",
        "url": "https://opencollective.com/unified"
      }
    },
    "node_modules/sentence-splitter": {
      "version": "5.0.1",
      "resolved": "https://registry.npmjs.org/sentence-splitter/-/sentence-splitter-5.0.1.tgz",
      "integrity": "sha512-Eu9l95hQfI0WdhXTznuBzqsFjTuL6UnPq341Ro1s2bjE3DMoBuhE0wk4z+rwbwVXfOAeuOQM0UF30HR2+66VuQ==",
      "license": "MIT",
      "dependencies": {
        "@textlint/ast-node-types": "^13.4.1",
        "structured-source": "^4.0.0"
      }
    },
    "node_modules/sentence-splitter/node_modules/@textlint/ast-node-types": {
      "version": "13.4.1",
      "resolved": "https://registry.npmjs.org/@textlint/ast-node-types/-/ast-node-types-13.4.1.tgz",
      "integrity": "sha512-qrZyhCh8Ekk6nwArx3BROybm9BnX6vF7VcZbijetV/OM3yfS4rTYhoMWISmhVEP2H2re0CtWEyMl/XF+WdvVLQ==",
      "license": "MIT"
    },
    "node_modules/set-function-length": {
      "version": "1.2.2",
      "resolved": "https://registry.npmjs.org/set-function-length/-/set-function-length-1.2.2.tgz",
      "integrity": "sha512-pgRc4hJ4/sNjWCSS9AmnS40x3bNMDTknHgL5UaMBTMyJnU90EgWh1Rz+MC9eFu4BuN/UwZjKQuY/1v3rM7HMfg==",
      "license": "MIT",
      "dependencies": {
        "define-data-property": "^1.1.4",
        "es-errors": "^1.3.0",
        "function-bind": "^1.1.2",
        "get-intrinsic": "^1.2.4",
        "gopd": "^1.0.1",
        "has-property-descriptors": "^1.0.2"
      },
      "engines": {
        "node": ">= 0.4"
      }
    },
    "node_modules/set-function-name": {
      "version": "2.0.2",
      "resolved": "https://registry.npmjs.org/set-function-name/-/set-function-name-2.0.2.tgz",
      "integrity": "sha512-7PGFlmtwsEADb0WYyvCMa1t+yke6daIG4Wirafur5kcf+MhUnPms1UeR0CKQdTZD81yESwMHbtn+TR+dMviakQ==",
      "license": "MIT",
      "dependencies": {
        "define-data-property": "^1.1.4",
        "es-errors": "^1.3.0",
        "functions-have-names": "^1.2.3",
        "has-property-descriptors": "^1.0.2"
      },
      "engines": {
        "node": ">= 0.4"
      }
    },
    "node_modules/slide": {
      "version": "1.1.6",
      "resolved": "https://registry.npmjs.org/slide/-/slide-1.1.6.tgz",
      "integrity": "sha512-NwrtjCg+lZoqhFU8fOwl4ay2ei8PaqCBOUV3/ektPY9trO1yQ1oXEfmHAhKArUVUr/hOHvy5f6AdP17dCM0zMw==",
      "license": "ISC",
      "engines": {
        "node": "*"
      }
    },
    "node_modules/space-separated-tokens": {
      "version": "1.1.5",
      "resolved": "https://registry.npmjs.org/space-separated-tokens/-/space-separated-tokens-1.1.5.tgz",
      "integrity": "sha512-q/JSVd1Lptzhf5bkYm4ob4iWPjx0KiRe3sRFBNrVqbJkFaBm5vbbowy1mymoPNLRa52+oadOhJ+K49wsSeSjTA==",
      "license": "MIT",
      "funding": {
        "type": "github",
        "url": "https://github.com/sponsors/wooorm"
      }
    },
    "node_modules/structured-source": {
      "version": "4.0.0",
      "resolved": "https://registry.npmjs.org/structured-source/-/structured-source-4.0.0.tgz",
      "integrity": "sha512-qGzRFNJDjFieQkl/sVOI2dUjHKRyL9dAJi2gCPGJLbJHBIkyOHxjuocpIEfbLioX+qSJpvbYdT49/YCdMznKxA==",
      "license": "BSD-2-Clause",
      "dependencies": {
        "boundary": "^2.0.0"
      }
    },
    "node_modules/textlint-rule-helper": {
      "version": "2.5.0",
      "resolved": "https://registry.npmjs.org/textlint-rule-helper/-/textlint-rule-helper-2.5.0.tgz",
      "integrity": "sha512-QIbFPtyqLy0g5BJn8mryk9iHzGYicNaFIpLFPiEnb4RXxrEGeQ2W2aARQ9yEXLIAqo+OwK4ndWBAWkbgJEPzTQ==",
      "license": "MIT",
      "dependencies": {
        "@textlint/ast-node-types": "^15.2.1",
        "structured-source": "^4.0.0",
        "unist-util-visit": "^2.0.3"
      }
    },
    "node_modules/textlint-rule-max-ten": {
      "version": "5.0.0",
      "resolved": "https://registry.npmjs.org/textlint-rule-max-ten/-/textlint-rule-max-ten-5.0.0.tgz",
      "integrity": "sha512-EWOvbEa3Ukxz0+GAUEJ91DYFSC3IkyJ10dBcsU6VlL33k1BvTRoFr3m26w6upnXJffXQUI70Etn39I++2duyhA==",
      "license": "MIT",
      "dependencies": {
        "kuromojin": "^3.0.0",
        "sentence-splitter": "^5.0.0",
        "textlint-rule-helper": "^2.3.1",
        "textlint-util-to-string": "^3.3.4"
      }
    },
    "node_modules/textlint-rule-no-double-negative-ja": {
      "version": "2.0.1",
      "resolved": "https://registry.npmjs.org/textlint-rule-no-double-negative-ja/-/textlint-rule-no-double-negative-ja-2.0.1.tgz",
      "integrity": "sha512-LRofmNt+nd2mp+AHmG0ltk9AlbzKbWPE+EToYQ1zORCd8N8suE1YxNEplz9OeQ59ea9ITtudDIWoqeHaZnbDsg==",
      "license": "MIT",
      "dependencies": {
        "kuromojin": "^3.0.0"
      }
    },
    "node_modules/textlint-rule-no-doubled-conjunction": {
      "version": "3.0.1",
      "resolved": "https://registry.npmjs.org/textlint-rule-no-doubled-conjunction/-/textlint-rule-no-doubled-conjunction-3.0.1.tgz",
      "integrity": "sha512-fRJEiy0rkrmUDVdgzGiUKAgGngziUfsjL4eqY4a3YfFxXwtczOP+hyHfvLNrHOUI58Y6lNoLZpa5lNNXbzFyNg==",
      "license": "MIT",
      "dependencies": {
        "kuromojin": "^3.0.0",
        "sentence-splitter": "^5.0.0",
        "textlint-rule-helper": "^2.3.1"
      }
    },
    "node_modules/textlint-rule-no-doubled-conjunctive-particle-ga": {
      "version": "3.0.0",
      "resolved": "https://registry.npmjs.org/textlint-rule-no-doubled-conjunctive-particle-ga/-/textlint-rule-no-doubled-conjunctive-particle-ga-3.0.0.tgz",
      "integrity": "sha512-4IowX2YlTlD9VifThZwpENRh918BpPNTks0i4bOL7Gn82jUiXK0EZuV8Jtksm7i+RYG1xsO0U7P9AnxmuSxeDg==",
      "license": "MIT",
      "dependencies": {
        "kuromojin": "^3.0.0",
        "sentence-splitter": "^5.0.0",
        "textlint-rule-helper": "^2.3.1",
        "textlint-util-to-string": "^3.3.4"
      }
    },
    "node_modules/textlint-rule-no-doubled-joshi": {
      "version": "5.1.1",
      "resolved": "https://registry.npmjs.org/textlint-rule-no-doubled-joshi/-/textlint-rule-no-doubled-joshi-5.1.1.tgz",
      "integrity": "sha512-bxiuqZiHE9ZZGHDX+O6J4vzhre7ghb7NBkPi/5TAWVvnQLULgY3COx/KXJgFItPmSrpYF8/AT/uTHC4QOg59qw==",
      "license": "MIT",
      "dependencies": {
        "kuromojin": "^3.0.0",
        "sentence-splitter": "^5.0.0",
        "textlint-rule-helper": "^2.3.1",
        "textlint-util-to-string": "^3.3.4"
      }
    },
    "node_modules/textlint-rule-no-dropping-the-ra": {
      "version": "3.0.0",
      "resolved": "https://registry.npmjs.org/textlint-rule-no-dropping-the-ra/-/textlint-rule-no-dropping-the-ra-3.0.0.tgz",
      "integrity": "sha512-KbSIlcxj1kLs4sGSMSLGA8OmgRoaPAWtodJaGEyEUiy7uiZM/VPqYALpuD8vf16N1OR5SM/bXXeZFME65r8ZgQ==",
      "license": "MIT",
      "dependencies": {
        "kuromojin": "^3.0.0",
        "textlint-rule-helper": "^2.1.1"
      }
    },
    "node_modules/textlint-rule-no-kangxi-radicals": {
      "version": "0.2.2",
      "resolved": "https://registry.npmjs.org/textlint-rule-no-kangxi-radicals/-/textlint-rule-no-kangxi-radicals-0.2.2.tgz",
      "integrity": "sha512-/6/gOhh2K6pfAAarUMMXW0c1Gy35eA764MjCd6SOp1SPlduaIUu6e7PxnTZsyBBKFA83LLgUn/OgfSpsY3QqSg==",
      "license": "MIT",
      "dependencies": {
        "match-index": "^1.0.3"
      }
    },
    "node_modules/textlint-rule-no-mix-dearu-desumasu": {
      "version": "6.0.4",
      "resolved": "https://registry.npmjs.org/textlint-rule-no-mix-dearu-desumasu/-/textlint-rule-no-mix-dearu-desumasu-6.0.4.tgz",
      "integrity": "sha512-SmALtOFbtmJ//k2iLMvtqhGrgJ/6uDVZFK7TBj2npVAbt10VxgLL87K+62pQ/BqiN9DpOVObshVFdug7lUOKHw==",
      "license": "MIT",
      "dependencies": {
        "analyze-desumasu-dearu": "^5.0.2",
        "textlint-rule-helper": "^2.3.1"
      }
    },
    "node_modules/textlint-rule-no-nfd": {
      "version": "2.0.2",
      "resolved": "https://registry.npmjs.org/textlint-rule-no-nfd/-/textlint-rule-no-nfd-2.0.2.tgz",
      "integrity": "sha512-lIUvcQ+wqtConpPQU2YwEJl2dRcRyyrxPYZ3V76UwnkVg++XPLIrE5mLDgyNE/UIQ34e/KitJfMLqKWvnkFbNQ==",
      "license": "MIT",
      "dependencies": {
        "match-index": "^1.0.3",
        "textlint-rule-helper": "^2.3.0"
      }
    },
    "node_modules/textlint-rule-no-zero-width-spaces": {
      "version": "1.0.1",
      "resolved": "https://registry.npmjs.org/textlint-rule-no-zero-width-spaces/-/textlint-rule-no-zero-width-spaces-1.0.1.tgz",
      "integrity": "sha512-AkxpzBILGB4YsXddzHx2xqpXmqMv5Yd+PQm4anUV+ADSJuwLP1Jd6yHf/LOtu9j3ps8K3XM9vQrXRK73z0bU3A==",
      "license": "MIT",
      "funding": {
        "type": "github",
        "url": "https://github.com/sponsors/hata6502"
      }
    },
    "node_modules/textlint-rule-preset-japanese": {
      "version": "10.0.4",
      "resolved": "https://registry.npmjs.org/textlint-rule-preset-japanese/-/textlint-rule-preset-japanese-10.0.4.tgz",
      "integrity": "sha512-xoQvGKhHCm2ZQqZAlSCgaeJI0cFSO4jleki1e8s/3FscuIr6SWcB3dB2tA+1TkOTd6X6MawC8Wah9+Z7+xaqrQ==",
      "license": "MIT",
      "dependencies": {
        "@textlint-rule/textlint-rule-no-invalid-control-character": "^3.0.0",
        "@textlint/module-interop": "^14.0.0",
        "textlint-rule-max-ten": "^5.0.0",
        "textlint-rule-no-double-negative-ja": "^2.0.1",
        "textlint-rule-no-doubled-conjunction": "^3.0.0",
        "textlint-rule-no-doubled-conjunctive-particle-ga": "^3.0.0",
        "textlint-rule-no-doubled-joshi": "^5.0.0",
        "textlint-rule-no-dropping-the-ra": "^3.0.0",
        "textlint-rule-no-kangxi-radicals": "^0.2.2",
        "textlint-rule-no-mix-dearu-desumasu": "^6.0.0",
        "textlint-rule-no-nfd": "^2.0.2",
        "textlint-rule-no-zero-width-spaces": "^1.0.1",
        "textlint-rule-sentence-length": "^5.0.0"
      }
    },
    "node_modules/textlint-rule-preset-japanese/node_modules/@textlint/module-interop": {
      "version": "14.8.4",
      "resolved": "https://registry.npmjs.org/@textlint/module-interop/-/module-interop-14.8.4.tgz",
      "integrity": "sha512-1LdPYLAVpa27NOt6EqvuFO99s4XLB0c19Hw9xKSG6xQ1K82nUEyuWhzTQKb3KJ5Qx7qj14JlXZLfnEuL6A16Bw==",
      "license": "MIT"
    },
    "node_modules/textlint-rule-sentence-length": {
      "version": "5.2.1",
      "resolved": "https://registry.npmjs.org/textlint-rule-sentence-length/-/textlint-rule-sentence-length-5.2.1.tgz",
      "integrity": "sha512-z4HylabPy+e1I5DcuzDmcT65hvyytTlsD+uM49JkCBTSJBWqzQQ3kCGk4b1cF+kANS2HifWNnpTG/jfSOeavIw==",
      "license": "MIT",
      "dependencies": {
        "@textlint/regexp-string-matcher": "^2.0.2",
        "sentence-splitter": "^5.0.0",
        "textlint-rule-helper": "^2.3.1",
        "textlint-util-to-string": "^3.3.4"
      }
    },
    "node_modules/textlint-util-to-string": {
      "version": "3.3.4",
      "resolved": "https://registry.npmjs.org/textlint-util-to-string/-/textlint-util-to-string-3.3.4.tgz",
      "integrity": "sha512-XF4Qfw0ES+czKy03BwuvBUoXC8NAg920VuRxW0pd72fW76zMeMbPI/bRN5PHq3SbCdOm7U69/Pk+DX34xqIYqA==",
      "license": "MIT",
      "dependencies": {
        "@textlint/ast-node-types": "^13.4.1",
        "rehype-parse": "^6.0.1",
        "structured-source": "^4.0.0",
        "unified": "^8.4.0"
      }
    },
    "node_modules/textlint-util-to-string/node_modules/@textlint/ast-node-types": {
      "version": "13.4.1",
      "resolved": "https://registry.npmjs.org/@textlint/ast-node-types/-/ast-node-types-13.4.1.tgz",
      "integrity": "sha512-qrZyhCh8Ekk6nwArx3BROybm9BnX6vF7VcZbijetV/OM3yfS4rTYhoMWISmhVEP2H2re0CtWEyMl/XF+WdvVLQ==",
      "license": "MIT"
    },
    "node_modules/textlint-util-to-string/node_modules/unified": {
      "version": "8.4.2",
      "resolved": "https://registry.npmjs.org/unified/-/unified-8.4.2.tgz",
      "integrity": "sha512-JCrmN13jI4+h9UAyKEoGcDZV+i1E7BLFuG7OsaDvTXI5P0qhHX+vZO/kOhz9jn8HGENDKbwSeB0nVOg4gVStGA==",
      "license": "MIT",
      "dependencies": {
        "bail": "^1.0.0",
        "extend": "^3.0.0",
        "is-plain-obj": "^2.0.0",
        "trough": "^1.0.0",
        "vfile": "^4.0.0"
      },
      "funding": {
        "type": "opencollective",
        "url": "https://opencollective.com/unified"
      }
    },
    "node_modules/trough": {
      "version": "1.0.5",
      "resolved": "https://registry.npmjs.org/trough/-/trough-1.0.5.tgz",
      "integrity": "sha512-rvuRbTarPXmMb79SmzEp8aqXNKcK+y0XaB298IXueQ8I2PsrATcPBCSPyK/dDNa2iWOhKlfNnOjdAOTBU/nkFA==",
      "license": "MIT",
      "funding": {
        "type": "github",
        "url": "https://github.com/sponsors/wooorm"
      }
    },
    "node_modules/unist-util-is": {
      "version": "4.1.0",
      "resolved": "https://registry.npmjs.org/unist-util-is/-/unist-util-is-4.1.0.tgz",
      "integrity": "sha512-ZOQSsnce92GrxSqlnEEseX0gi7GH9zTJZ0p9dtu87WRb/37mMPO2Ilx1s/t9vBHrFhbgweUwb+t7cIn5dxPhZg==",
      "license": "MIT",
      "funding": {
        "type": "opencollective",
        "url": "https://opencollective.com/unified"
      }
    },
    "node_modules/unist-util-stringify-position": {
      "version": "2.0.3",
      "resolved": "https://registry.npmjs.org/unist-util-stringify-position/-/unist-util-stringify-position-2.0.3.tgz",
      "integrity": "sha512-3faScn5I+hy9VleOq/qNbAd6pAx7iH5jYBMS9I1HgQVijz/4mv5Bvw5iw1sC/90CODiKo81G/ps8AJrISn687g==",
      "license": "MIT",
      "dependencies": {
        "@types/unist": "^2.0.2"
      },
      "funding": {
        "type": "opencollective",
        "url": "https://opencollective.com/unified"
      }
    },
    "node_modules/unist-util-visit": {
      "version": "2.0.3",
      "resolved": "https://registry.npmjs.org/unist-util-visit/-/unist-util-visit-2.0.3.tgz",
      "integrity": "sha512-iJ4/RczbJMkD0712mGktuGpm/U4By4FfDonL7N/9tATGIF4imikjOuagyMY53tnZq3NP6BcmlrHhEKAfGWjh7Q==",
      "license": "MIT",
      "dependencies": {
        "@types/unist": "^2.0.0",
        "unist-util-is": "^4.0.0",
        "unist-util-visit-parents": "^3.0.0"
      },
      "funding": {
        "type": "opencollective",
        "url": "https://opencollective.com/unified"
      }
    },
    "node_modules/unist-util-visit-parents": {
      "version": "3.1.1",
      "resolved": "https://registry.npmjs.org/unist-util-visit-parents/-/unist-util-visit-parents-3.1.1.tgz",
      "integrity": "sha512-1KROIZWo6bcMrZEwiH2UrXDyalAa0uqzWCxCJj6lPOvTve2WkfgCytoDTPaMnodXh1WrXOq0haVYHj99ynJlsg==",
      "license": "MIT",
      "dependencies": {
        "@types/unist": "^2.0.0",
        "unist-util-is": "^4.0.0"
      },
      "funding": {
        "type": "opencollective",
        "url": "https://opencollective.com/unified"
      }
    },
    "node_modules/vfile": {
      "version": "4.2.1",
      "resolved": "https://registry.npmjs.org/vfile/-/vfile-4.2.1.tgz",
      "integrity": "sha512-O6AE4OskCG5S1emQ/4gl8zK586RqA3srz3nfK/Viy0UPToBc5Trp9BVFb1u0CjsKrAWwnpr4ifM/KBXPWwJbCA==",
      "license": "MIT",
      "dependencies": {
        "@types/unist": "^2.0.0",
        "is-buffer": "^2.0.0",
        "unist-util-stringify-position": "^2.0.0",
        "vfile-message": "^2.0.0"
      },
      "funding": {
        "type": "opencollective",
        "url": "https://opencollective.com/unified"
      }
    },
    "node_modules/vfile-message": {
      "version": "2.0.4",
      "resolved": "https://registry.npmjs.org/vfile-message/-/vfile-message-2.0.4.tgz",
      "integrity": "sha512-DjssxRGkMvifUOJre00juHoP9DPWuzjxKuMDrhNbk2TdaYYBNMStsNhEOt3idrtI12VQYM/1+iM0KOzXi4pxwQ==",
      "license": "MIT",
      "dependencies": {
        "@types/unist": "^2.0.0",
        "unist-util-stringify-position": "^2.0.0"
      },
      "funding": {
        "type": "opencollective",
        "url": "https://opencollective.com/unified"
      }
    },
    "node_modules/vfile/node_modules/is-buffer": {
      "version": "2.0.5",
      "resolved": "https://registry.npmjs.org/is-buffer/-/is-buffer-2.0.5.tgz",
      "integrity": "sha512-i2R6zNFDwgEHJyQUtJEk0XFi1i0dPFn/oqjK3/vPCcDeJvW5NQ83V8QbicfF1SupOaB0h8ntgBC2YiE7dfyctQ==",
      "funding": [
        {
          "type": "github",
          "url": "https://github.com/sponsors/feross"
        },
        {
          "type": "patreon",
          "url": "https://www.patreon.com/feross"
        },
        {
          "type": "consulting",
          "url": "https://feross.org/support"
        }
      ],
      "license": "MIT",
      "engines": {
        "node": ">=4"
      }
    },
    "node_modules/vscode-jsonrpc": {
      "version": "8.2.0",
      "resolved": "https://registry.npmjs.org/vscode-jsonrpc/-/vscode-jsonrpc-8.2.0.tgz",
      "integrity": "sha512-C+r0eKJUIfiDIfwJhria30+TYWPtuHJXHtI7J0YlOmKAo7ogxP20T0zxB7HZQIFhIyvoBPwWskjxrvAtfjyZfA==",
      "license": "MIT",
      "engines": {
        "node": ">=14.0.0"
      }
    },
    "node_modules/vscode-languageserver": {
      "version": "9.0.1",
      "resolved": "https://registry.npmjs.org/vscode-languageserver/-/vscode-languageserver-9.0.1.tgz",
      "integrity": "sha512-woByF3PDpkHFUreUa7Hos7+pUWdeWMXRd26+ZX2A8cFx6v/JPTtd4/uN0/jB6XQHYaOlHbio03NTHCqrgG5n7g==",
      "license": "MIT",
      "dependencies": {
        "vscode-languageserver-protocol": "3.17.5"
      },
      "bin": {
        "installServerIntoExtension": "bin/installServerIntoExtension"
      }
    },
    "node_modules/vscode-languageserver-protocol": {
      "version": "3.17.5",
      "resolved": "https://registry.npmjs.org/vscode-languageserver-protocol/-/vscode-languageserver-protocol-3.17.5.tgz",
      "integrity": "sha512-mb1bvRJN8SVznADSGWM9u/b07H7Ecg0I3OgXDuLdn307rl/J3A9YD6/eYOssqhecL27hK1IPZAsaqh00i/Jljg==",
      "license": "MIT",
      "dependencies": {
        "vscode-jsonrpc": "8.2.0",
        "vscode-languageserver-types": "3.17.5"
      }
    },
    "node_modules/vscode-languageserver-textdocument": {
      "version": "1.0.12",
      "resolved": "https://registry.npmjs.org/vscode-languageserver-textdocument/-/vscode-languageserver-textdocument-1.0.12.tgz",
      "integrity": "sha512-cxWNPesCnQCcMPeenjKKsOCKQZ/L6Tv19DTRIGuLWe32lyzWhihGVJ/rcckZXJxfdKCFvRLS3fpBIsV/ZGX4zA==",
      "license": "MIT"
    },
    "node_modules/vscode-languageserver-types": {
      "version": "3.17.5",
      "resolved": "https://registry.npmjs.org/vscode-languageserver-types/-/vscode-languageserver-types-3.17.5.tgz",
      "integrity": "sha512-Ld1VelNuX9pdF39h2Hgaeb5hEZM2Z3jUrrMgWQAu82jMtZp7p3vJT3BzToKtZI7NgQssZje5o0zryOrhQvzQAg==",
      "license": "MIT"
    },
    "node_modules/web-namespaces": {
      "version": "1.1.4",
      "resolved": "https://registry.npmjs.org/web-namespaces/-/web-namespaces-1.1.4.tgz",
      "integrity": "sha512-wYxSGajtmoP4WxfejAPIr4l0fVh+jeMXZb08wNc0tMg6xsfZXj3cECqIK0G7ZAqUq0PP8WlMDtaOGVBTAWztNw==",
      "license": "MIT",
      "funding": {
        "type": "github",
        "url": "https://github.com/sponsors/wooorm"
      }
    },
    "node_modules/write-file-atomic": {
      "version": "1.3.4",
      "resolved": "https://registry.npmjs.org/write-file-atomic/-/write-file-atomic-1.3.4.tgz",
      "integrity": "sha512-SdrHoC/yVBPpV0Xq/mUZQIpW2sWXAShb/V4pomcJXh92RuaO+f3UTWItiR3Px+pLnV2PvC2/bfn5cwr5X6Vfxw==",
      "license": "ISC",
      "dependencies": {
        "graceful-fs": "^4.1.11",
        "imurmurhash": "^0.1.4",
        "slide": "^1.1.5"
      }
    },
    "node_modules/xtend": {
      "version": "4.0.2",
      "resolved": "https://registry.npmjs.org/xtend/-/xtend-4.0.2.tgz",
      "integrity": "sha512-LKYU1iAXJXUgAXn9URjiu+MWhyUXHsvfp7mcuYm9dSUKK0/CjtrUwFAxD82/mCWbtLsGjFIad0wIsod4zrTAEQ==",
      "license": "MIT",
      "engines": {
        "node": ">=0.4"
      }
    },
    "node_modules/zlibjs": {
      "version": "0.3.1",
      "resolved": "https://registry.npmjs.org/zlibjs/-/zlibjs-0.3.1.tgz",
      "integrity": "sha512-+J9RrgTKOmlxFSDHo0pI1xM6BLVUv+o0ZT9ANtCxGkjIVCCUdx9alUF8Gm+dGLKbkkkidWIHFDZHDMpfITt4+w==",
      "license": "MIT",
      "engines": {
        "node": "*"
      }
    }
  }
}
